
Microsoft Visual Studio Solution File, Format Version 12.00
# Visual Studio 15
VisualStudioVersion = 15.0.26430.12
MinimumVisualStudioVersion = 10.0.40219.1
Project("{FAE04EC0-301F-11D3-BF4B-00C04F79EFBC}") = "Lab1", "Lab1.csproj", "{437F2C72-05AC-4ABC-A03F-344B80B75DFB}"
EndProject
Project("{FAE04EC0-301F-11D3-BF4B-00C04F79EFBC}") = "AndroidApp", "AndroidApp\AndroidApp.csproj", "{C8F6FD7E-8A4A-44A8-84AA-25C7455566DA}"
EndProject
Project("{FAE04EC0-301F-11D3-BF4B-00C04F79EFBC}") = "iOSApp", "iOSApp\iOSApp.csproj", "{D17252CE-30D7-4ABC-9528-3D238D397ADC}"
EndProject
Project("{FAE04EC0-301F-11D3-BF4B-00C04F79EFBC}") = "BLL", "BLL\BLL.csproj", "{CBDD4196-1D74-4D9C-9AA8-EAE466A2013E}"
EndProject
Project("{FAE04EC0-301F-11D3-BF4B-00C04F79EFBC}") = "DAL", "DAL\DAL.csproj", "{B92D9166-6CFF-4674-A984-C63A5F15C75F}"
EndProject
Project("{FAE04EC0-301F-11D3-BF4B-00C04F79EFBC}") = "SAL", "SAL\SAL.csproj", "{39240DD8-E59E-4EAA-A0AB-BE4F90846B54}"
EndProject
Project("{D954291E-2A0B-460D-934E-DC6B0785DB48}") = "SharedProjectLab03", "SharedProjectLab03\SharedProjectLab03.shproj", "{0AB01AF3-96B2-4B1D-BF36-934CE4D6A869}"
EndProject
Project("{FAE04EC0-301F-11D3-BF4B-00C04F79EFBC}") = "AndroidAppLab03", "AndroidAppLab03\AndroidAppLab03.csproj", "{D9D65E89-F419-46AF-B681-5374360C562F}"
EndProject
Project("{FAE04EC0-301F-11D3-BF4B-00C04F79EFBC}") = "PCLProject", "PCLProject\PCLProject.csproj", "{3C8AD7E5-657A-4D9C-B7F9-1C543C49D0F7}"
EndProject
Project("{FAE04EC0-301F-11D3-BF4B-00C04F79EFBC}") = "AndroidAppLab04", "AndroidAppLab04\AndroidAppLab04.csproj", "{81428FE8-B89B-43B5-BF2D-473D9A947C4E}"
EndProject
Project("{FAE04EC0-301F-11D3-BF4B-00C04F79EFBC}") = "Lab05P1", "Lab05P1\Lab05P1.csproj", "{0FE367C3-D13F-4265-9B37-223E38AE5F17}"
EndProject
Project("{FAE04EC0-301F-11D3-BF4B-00C04F79EFBC}") = "Lab06P2", "..\Lab06P2\Lab06P2.csproj", "{027E2C72-4790-4E78-A71C-2C4324B9D822}"
EndProject
Project("{FAE04EC0-301F-11D3-BF4B-00C04F79EFBC}") = "Lab07", "Lab07\Lab07.csproj", "{1BD19AF2-CAE9-4FA5-9AB8-CB5155D016C6}"
EndProject
Project("{FAE04EC0-301F-11D3-BF4B-00C04F79EFBC}") = "Lab08", "Lab08\Lab08.csproj", "{6766B99C-6A04-459E-B118-D5366F3492D8}"
EndProject
Project("{FAE04EC0-301F-11D3-BF4B-00C04F79EFBC}") = "Lab09", "Lab09\Lab09.csproj", "{587590D0-119F-44B1-9D5C-DF93E879D80D}"
EndProject
Global
	GlobalSection(SolutionConfigurationPlatforms) = preSolution
		Debug|Any CPU = Debug|Any CPU
		Debug|iPhone = Debug|iPhone
		Debug|iPhoneSimulator = Debug|iPhoneSimulator
		Release|Any CPU = Release|Any CPU
		Release|iPhone = Release|iPhone
		Release|iPhoneSimulator = Release|iPhoneSimulator
	EndGlobalSection
	GlobalSection(ProjectConfigurationPlatforms) = postSolution
		{437F2C72-05AC-4ABC-A03F-344B80B75DFB}.Debug|Any CPU.ActiveCfg = Debug|Any CPU
		{437F2C72-05AC-4ABC-A03F-344B80B75DFB}.Debug|Any CPU.Build.0 = Debug|Any CPU
		{437F2C72-05AC-4ABC-A03F-344B80B75DFB}.Debug|Any CPU.Deploy.0 = Debug|Any CPU
		{437F2C72-05AC-4ABC-A03F-344B80B75DFB}.Debug|iPhone.ActiveCfg = Debug|Any CPU
		{437F2C72-05AC-4ABC-A03F-344B80B75DFB}.Debug|iPhone.Build.0 = Debug|Any CPU
		{437F2C72-05AC-4ABC-A03F-344B80B75DFB}.Debug|iPhoneSimulator.ActiveCfg = Debug|Any CPU
		{437F2C72-05AC-4ABC-A03F-344B80B75DFB}.Debug|iPhoneSimulator.Build.0 = Debug|Any CPU
		{437F2C72-05AC-4ABC-A03F-344B80B75DFB}.Release|Any CPU.ActiveCfg = Release|Any CPU
		{437F2C72-05AC-4ABC-A03F-344B80B75DFB}.Release|Any CPU.Build.0 = Release|Any CPU
		{437F2C72-05AC-4ABC-A03F-344B80B75DFB}.Release|Any CPU.Deploy.0 = Release|Any CPU
		{437F2C72-05AC-4ABC-A03F-344B80B75DFB}.Release|iPhone.ActiveCfg = Release|Any CPU
		{437F2C72-05AC-4ABC-A03F-344B80B75DFB}.Release|iPhone.Build.0 = Release|Any CPU
		{437F2C72-05AC-4ABC-A03F-344B80B75DFB}.Release|iPhoneSimulator.ActiveCfg = Release|Any CPU
		{437F2C72-05AC-4ABC-A03F-344B80B75DFB}.Release|iPhoneSimulator.Build.0 = Release|Any CPU
		{C8F6FD7E-8A4A-44A8-84AA-25C7455566DA}.Debug|Any CPU.ActiveCfg = Debug|Any CPU
		{C8F6FD7E-8A4A-44A8-84AA-25C7455566DA}.Debug|Any CPU.Build.0 = Debug|Any CPU
		{C8F6FD7E-8A4A-44A8-84AA-25C7455566DA}.Debug|iPhone.ActiveCfg = Debug|Any CPU
		{C8F6FD7E-8A4A-44A8-84AA-25C7455566DA}.Debug|iPhone.Build.0 = Debug|Any CPU
		{C8F6FD7E-8A4A-44A8-84AA-25C7455566DA}.Debug|iPhoneSimulator.ActiveCfg = Debug|Any CPU
		{C8F6FD7E-8A4A-44A8-84AA-25C7455566DA}.Debug|iPhoneSimulator.Build.0 = Debug|Any CPU
		{C8F6FD7E-8A4A-44A8-84AA-25C7455566DA}.Release|Any CPU.ActiveCfg = Release|Any CPU
		{C8F6FD7E-8A4A-44A8-84AA-25C7455566DA}.Release|Any CPU.Build.0 = Release|Any CPU
		{C8F6FD7E-8A4A-44A8-84AA-25C7455566DA}.Release|iPhone.ActiveCfg = Release|Any CPU
		{C8F6FD7E-8A4A-44A8-84AA-25C7455566DA}.Release|iPhone.Build.0 = Release|Any CPU
		{C8F6FD7E-8A4A-44A8-84AA-25C7455566DA}.Release|iPhoneSimulator.ActiveCfg = Release|Any CPU
		{C8F6FD7E-8A4A-44A8-84AA-25C7455566DA}.Release|iPhoneSimulator.Build.0 = Release|Any CPU
		{D17252CE-30D7-4ABC-9528-3D238D397ADC}.Debug|Any CPU.ActiveCfg = Debug|iPhoneSimulator
		{D17252CE-30D7-4ABC-9528-3D238D397ADC}.Debug|Any CPU.Build.0 = Debug|iPhoneSimulator
		{D17252CE-30D7-4ABC-9528-3D238D397ADC}.Debug|iPhone.ActiveCfg = Debug|iPhone
		{D17252CE-30D7-4ABC-9528-3D238D397ADC}.Debug|iPhone.Build.0 = Debug|iPhone
		{D17252CE-30D7-4ABC-9528-3D238D397ADC}.Debug|iPhoneSimulator.ActiveCfg = Debug|iPhoneSimulator
		{D17252CE-30D7-4ABC-9528-3D238D397ADC}.Debug|iPhoneSimulator.Build.0 = Debug|iPhoneSimulator
		{D17252CE-30D7-4ABC-9528-3D238D397ADC}.Release|Any CPU.ActiveCfg = Release|iPhone
		{D17252CE-30D7-4ABC-9528-3D238D397ADC}.Release|Any CPU.Build.0 = Release|iPhone
		{D17252CE-30D7-4ABC-9528-3D238D397ADC}.Release|iPhone.ActiveCfg = Release|iPhone
		{D17252CE-30D7-4ABC-9528-3D238D397ADC}.Release|iPhone.Build.0 = Release|iPhone
		{D17252CE-30D7-4ABC-9528-3D238D397ADC}.Release|iPhoneSimulator.ActiveCfg = Release|iPhoneSimulator
		{D17252CE-30D7-4ABC-9528-3D238D397ADC}.Release|iPhoneSimulator.Build.0 = Release|iPhoneSimulator
		{CBDD4196-1D74-4D9C-9AA8-EAE466A2013E}.Debug|Any CPU.ActiveCfg = Debug|Any CPU
		{CBDD4196-1D74-4D9C-9AA8-EAE466A2013E}.Debug|Any CPU.Build.0 = Debug|Any CPU
		{CBDD4196-1D74-4D9C-9AA8-EAE466A2013E}.Debug|iPhone.ActiveCfg = Debug|Any CPU
		{CBDD4196-1D74-4D9C-9AA8-EAE466A2013E}.Debug|iPhone.Build.0 = Debug|Any CPU
		{CBDD4196-1D74-4D9C-9AA8-EAE466A2013E}.Debug|iPhoneSimulator.ActiveCfg = Debug|Any CPU
		{CBDD4196-1D74-4D9C-9AA8-EAE466A2013E}.Debug|iPhoneSimulator.Build.0 = Debug|Any CPU
		{CBDD4196-1D74-4D9C-9AA8-EAE466A2013E}.Release|Any CPU.ActiveCfg = Release|Any CPU
		{CBDD4196-1D74-4D9C-9AA8-EAE466A2013E}.Release|Any CPU.Build.0 = Release|Any CPU
		{CBDD4196-1D74-4D9C-9AA8-EAE466A2013E}.Release|iPhone.ActiveCfg = Release|Any CPU
		{CBDD4196-1D74-4D9C-9AA8-EAE466A2013E}.Release|iPhone.Build.0 = Release|Any CPU
		{CBDD4196-1D74-4D9C-9AA8-EAE466A2013E}.Release|iPhoneSimulator.ActiveCfg = Release|Any CPU
		{CBDD4196-1D74-4D9C-9AA8-EAE466A2013E}.Release|iPhoneSimulator.Build.0 = Release|Any CPU
		{B92D9166-6CFF-4674-A984-C63A5F15C75F}.Debug|Any CPU.ActiveCfg = Debug|Any CPU
		{B92D9166-6CFF-4674-A984-C63A5F15C75F}.Debug|Any CPU.Build.0 = Debug|Any CPU
		{B92D9166-6CFF-4674-A984-C63A5F15C75F}.Debug|iPhone.ActiveCfg = Debug|Any CPU
		{B92D9166-6CFF-4674-A984-C63A5F15C75F}.Debug|iPhone.Build.0 = Debug|Any CPU
		{B92D9166-6CFF-4674-A984-C63A5F15C75F}.Debug|iPhoneSimulator.ActiveCfg = Debug|Any CPU
		{B92D9166-6CFF-4674-A984-C63A5F15C75F}.Debug|iPhoneSimulator.Build.0 = Debug|Any CPU
		{B92D9166-6CFF-4674-A984-C63A5F15C75F}.Release|Any CPU.ActiveCfg = Release|Any CPU
		{B92D9166-6CFF-4674-A984-C63A5F15C75F}.Release|Any CPU.Build.0 = Release|Any CPU
		{B92D9166-6CFF-4674-A984-C63A5F15C75F}.Release|iPhone.ActiveCfg = Release|Any CPU
		{B92D9166-6CFF-4674-A984-C63A5F15C75F}.Release|iPhone.Build.0 = Release|Any CPU
		{B92D9166-6CFF-4674-A984-C63A5F15C75F}.Release|iPhoneSimulator.ActiveCfg = Release|Any CPU
		{B92D9166-6CFF-4674-A984-C63A5F15C75F}.Release|iPhoneSimulator.Build.0 = Release|Any CPU
		{39240DD8-E59E-4EAA-A0AB-BE4F90846B54}.Debug|Any CPU.ActiveCfg = Debug|Any CPU
		{39240DD8-E59E-4EAA-A0AB-BE4F90846B54}.Debug|Any CPU.Build.0 = Debug|Any CPU
		{39240DD8-E59E-4EAA-A0AB-BE4F90846B54}.Debug|iPhone.ActiveCfg = Debug|Any CPU
		{39240DD8-E59E-4EAA-A0AB-BE4F90846B54}.Debug|iPhone.Build.0 = Debug|Any CPU
		{39240DD8-E59E-4EAA-A0AB-BE4F90846B54}.Debug|iPhoneSimulator.ActiveCfg = Debug|Any CPU
		{39240DD8-E59E-4EAA-A0AB-BE4F90846B54}.Debug|iPhoneSimulator.Build.0 = Debug|Any CPU
		{39240DD8-E59E-4EAA-A0AB-BE4F90846B54}.Release|Any CPU.ActiveCfg = Release|Any CPU
		{39240DD8-E59E-4EAA-A0AB-BE4F90846B54}.Release|Any CPU.Build.0 = Release|Any CPU
		{39240DD8-E59E-4EAA-A0AB-BE4F90846B54}.Release|iPhone.ActiveCfg = Release|Any CPU
		{39240DD8-E59E-4EAA-A0AB-BE4F90846B54}.Release|iPhone.Build.0 = Release|Any CPU
		{39240DD8-E59E-4EAA-A0AB-BE4F90846B54}.Release|iPhoneSimulator.ActiveCfg = Release|Any CPU
		{39240DD8-E59E-4EAA-A0AB-BE4F90846B54}.Release|iPhoneSimulator.Build.0 = Release|Any CPU
		{D9D65E89-F419-46AF-B681-5374360C562F}.Debug|Any CPU.ActiveCfg = Debug|Any CPU
		{D9D65E89-F419-46AF-B681-5374360C562F}.Debug|Any CPU.Build.0 = Debug|Any CPU
		{D9D65E89-F419-46AF-B681-5374360C562F}.Debug|iPhone.ActiveCfg = Debug|Any CPU
		{D9D65E89-F419-46AF-B681-5374360C562F}.Debug|iPhone.Build.0 = Debug|Any CPU
		{D9D65E89-F419-46AF-B681-5374360C562F}.Debug|iPhoneSimulator.ActiveCfg = Debug|Any CPU
		{D9D65E89-F419-46AF-B681-5374360C562F}.Debug|iPhoneSimulator.Build.0 = Debug|Any CPU
		{D9D65E89-F419-46AF-B681-5374360C562F}.Release|Any CPU.ActiveCfg = Release|Any CPU
		{D9D65E89-F419-46AF-B681-5374360C562F}.Release|Any CPU.Build.0 = Release|Any CPU
		{D9D65E89-F419-46AF-B681-5374360C562F}.Release|iPhone.ActiveCfg = Release|Any CPU
		{D9D65E89-F419-46AF-B681-5374360C562F}.Release|iPhone.Build.0 = Release|Any CPU
		{D9D65E89-F419-46AF-B681-5374360C562F}.Release|iPhoneSimulator.ActiveCfg = Release|Any CPU
		{D9D65E89-F419-46AF-B681-5374360C562F}.Release|iPhoneSimulator.Build.0 = Release|Any CPU
		{3C8AD7E5-657A-4D9C-B7F9-1C543C49D0F7}.Debug|Any CPU.ActiveCfg = Debug|Any CPU
		{3C8AD7E5-657A-4D9C-B7F9-1C543C49D0F7}.Debug|Any CPU.Build.0 = Debug|Any CPU
		{3C8AD7E5-657A-4D9C-B7F9-1C543C49D0F7}.Debug|iPhone.ActiveCfg = Debug|Any CPU
		{3C8AD7E5-657A-4D9C-B7F9-1C543C49D0F7}.Debug|iPhone.Build.0 = Debug|Any CPU
		{3C8AD7E5-657A-4D9C-B7F9-1C543C49D0F7}.Debug|iPhoneSimulator.ActiveCfg = Debug|Any CPU
		{3C8AD7E5-657A-4D9C-B7F9-1C543C49D0F7}.Debug|iPhoneSimulator.Build.0 = Debug|Any CPU
		{3C8AD7E5-657A-4D9C-B7F9-1C543C49D0F7}.Release|Any CPU.ActiveCfg = Release|Any CPU
		{3C8AD7E5-657A-4D9C-B7F9-1C543C49D0F7}.Release|Any CPU.Build.0 = Release|Any CPU
		{3C8AD7E5-657A-4D9C-B7F9-1C543C49D0F7}.Release|iPhone.ActiveCfg = Release|Any CPU
		{3C8AD7E5-657A-4D9C-B7F9-1C543C49D0F7}.Release|iPhone.Build.0 = Release|Any CPU
		{3C8AD7E5-657A-4D9C-B7F9-1C543C49D0F7}.Release|iPhoneSimulator.ActiveCfg = Release|Any CPU
		{3C8AD7E5-657A-4D9C-B7F9-1C543C49D0F7}.Release|iPhoneSimulator.Build.0 = Release|Any CPU
		{81428FE8-B89B-43B5-BF2D-473D9A947C4E}.Debug|Any CPU.ActiveCfg = Debug|Any CPU
		{81428FE8-B89B-43B5-BF2D-473D9A947C4E}.Debug|Any CPU.Build.0 = Debug|Any CPU
		{81428FE8-B89B-43B5-BF2D-473D9A947C4E}.Debug|iPhone.ActiveCfg = Debug|Any CPU
		{81428FE8-B89B-43B5-BF2D-473D9A947C4E}.Debug|iPhone.Build.0 = Debug|Any CPU
		{81428FE8-B89B-43B5-BF2D-473D9A947C4E}.Debug|iPhoneSimulator.ActiveCfg = Debug|Any CPU
		{81428FE8-B89B-43B5-BF2D-473D9A947C4E}.Debug|iPhoneSimulator.Build.0 = Debug|Any CPU
		{81428FE8-B89B-43B5-BF2D-473D9A947C4E}.Release|Any CPU.ActiveCfg = Release|Any CPU
		{81428FE8-B89B-43B5-BF2D-473D9A947C4E}.Release|Any CPU.Build.0 = Release|Any CPU
		{81428FE8-B89B-43B5-BF2D-473D9A947C4E}.Release|iPhone.ActiveCfg = Release|Any CPU
		{81428FE8-B89B-43B5-BF2D-473D9A947C4E}.Release|iPhone.Build.0 = Release|Any CPU
		{81428FE8-B89B-43B5-BF2D-473D9A947C4E}.Release|iPhoneSimulator.ActiveCfg = Release|Any CPU
		{81428FE8-B89B-43B5-BF2D-473D9A947C4E}.Release|iPhoneSimulator.Build.0 = Release|Any CPU
		{0FE367C3-D13F-4265-9B37-223E38AE5F17}.Debug|Any CPU.ActiveCfg = Debug|Any CPU
		{0FE367C3-D13F-4265-9B37-223E38AE5F17}.Debug|Any CPU.Build.0 = Debug|Any CPU
		{0FE367C3-D13F-4265-9B37-223E38AE5F17}.Debug|iPhone.ActiveCfg = Debug|Any CPU
		{0FE367C3-D13F-4265-9B37-223E38AE5F17}.Debug|iPhone.Build.0 = Debug|Any CPU
		{0FE367C3-D13F-4265-9B37-223E38AE5F17}.Debug|iPhoneSimulator.ActiveCfg = Debug|Any CPU
		{0FE367C3-D13F-4265-9B37-223E38AE5F17}.Debug|iPhoneSimulator.Build.0 = Debug|Any CPU
		{0FE367C3-D13F-4265-9B37-223E38AE5F17}.Release|Any CPU.ActiveCfg = Release|Any CPU
		{0FE367C3-D13F-4265-9B37-223E38AE5F17}.Release|Any CPU.Build.0 = Release|Any CPU
		{0FE367C3-D13F-4265-9B37-223E38AE5F17}.Release|iPhone.ActiveCfg = Release|Any CPU
		{0FE367C3-D13F-4265-9B37-223E38AE5F17}.Release|iPhone.Build.0 = Release|Any CPU
		{0FE367C3-D13F-4265-9B37-223E38AE5F17}.Release|iPhoneSimulator.ActiveCfg = Release|Any CPU
		{0FE367C3-D13F-4265-9B37-223E38AE5F17}.Release|iPhoneSimulator.Build.0 = Release|Any CPU
		{027E2C72-4790-4E78-A71C-2C4324B9D822}.Debug|Any CPU.ActiveCfg = Debug|Any CPU
		{027E2C72-4790-4E78-A71C-2C4324B9D822}.Debug|Any CPU.Build.0 = Debug|Any CPU
		{027E2C72-4790-4E78-A71C-2C4324B9D822}.Debug|Any CPU.Deploy.0 = Debug|Any CPU
		{027E2C72-4790-4E78-A71C-2C4324B9D822}.Debug|iPhone.ActiveCfg = Debug|Any CPU
		{027E2C72-4790-4E78-A71C-2C4324B9D822}.Debug|iPhone.Build.0 = Debug|Any CPU
		{027E2C72-4790-4E78-A71C-2C4324B9D822}.Debug|iPhone.Deploy.0 = Debug|Any CPU
		{027E2C72-4790-4E78-A71C-2C4324B9D822}.Debug|iPhoneSimulator.ActiveCfg = Debug|Any CPU
		{027E2C72-4790-4E78-A71C-2C4324B9D822}.Debug|iPhoneSimulator.Build.0 = Debug|Any CPU
		{027E2C72-4790-4E78-A71C-2C4324B9D822}.Debug|iPhoneSimulator.Deploy.0 = Debug|Any CPU
		{027E2C72-4790-4E78-A71C-2C4324B9D822}.Release|Any CPU.ActiveCfg = Release|Any CPU
		{027E2C72-4790-4E78-A71C-2C4324B9D822}.Release|Any CPU.Build.0 = Release|Any CPU
		{027E2C72-4790-4E78-A71C-2C4324B9D822}.Release|Any CPU.Deploy.0 = Release|Any CPU
		{027E2C72-4790-4E78-A71C-2C4324B9D822}.Release|iPhone.ActiveCfg = Release|Any CPU
		{027E2C72-4790-4E78-A71C-2C4324B9D822}.Release|iPhone.Build.0 = Release|Any CPU
		{027E2C72-4790-4E78-A71C-2C4324B9D822}.Release|iPhone.Deploy.0 = Release|Any CPU
		{027E2C72-4790-4E78-A71C-2C4324B9D822}.Release|iPhoneSimulator.ActiveCfg = Release|Any CPU
		{027E2C72-4790-4E78-A71C-2C4324B9D822}.Release|iPhoneSimulator.Build.0 = Release|Any CPU
		{027E2C72-4790-4E78-A71C-2C4324B9D822}.Release|iPhoneSimulator.Deploy.0 = Release|Any CPU
		{1BD19AF2-CAE9-4FA5-9AB8-CB5155D016C6}.Debug|Any CPU.ActiveCfg = Debug|Any CPU
		{1BD19AF2-CAE9-4FA5-9AB8-CB5155D016C6}.Debug|Any CPU.Build.0 = Debug|Any CPU
		{1BD19AF2-CAE9-4FA5-9AB8-CB5155D016C6}.Debug|Any CPU.Deploy.0 = Debug|Any CPU
		{1BD19AF2-CAE9-4FA5-9AB8-CB5155D016C6}.Debug|iPhone.ActiveCfg = Debug|Any CPU
		{1BD19AF2-CAE9-4FA5-9AB8-CB5155D016C6}.Debug|iPhone.Build.0 = Debug|Any CPU
		{1BD19AF2-CAE9-4FA5-9AB8-CB5155D016C6}.Debug|iPhone.Deploy.0 = Debug|Any CPU
		{1BD19AF2-CAE9-4FA5-9AB8-CB5155D016C6}.Debug|iPhoneSimulator.ActiveCfg = Debug|Any CPU
		{1BD19AF2-CAE9-4FA5-9AB8-CB5155D016C6}.Debug|iPhoneSimulator.Build.0 = Debug|Any CPU
		{1BD19AF2-CAE9-4FA5-9AB8-CB5155D016C6}.Debug|iPhoneSimulator.Deploy.0 = Debug|Any CPU
		{1BD19AF2-CAE9-4FA5-9AB8-CB5155D016C6}.Release|Any CPU.ActiveCfg = Release|Any CPU
		{1BD19AF2-CAE9-4FA5-9AB8-CB5155D016C6}.Release|Any CPU.Build.0 = Release|Any CPU
		{1BD19AF2-CAE9-4FA5-9AB8-CB5155D016C6}.Release|Any CPU.Deploy.0 = Release|Any CPU
		{1BD19AF2-CAE9-4FA5-9AB8-CB5155D016C6}.Release|iPhone.ActiveCfg = Release|Any CPU
		{1BD19AF2-CAE9-4FA5-9AB8-CB5155D016C6}.Release|iPhone.Build.0 = Release|Any CPU
		{1BD19AF2-CAE9-4FA5-9AB8-CB5155D016C6}.Release|iPhone.Deploy.0 = Release|Any CPU
		{1BD19AF2-CAE9-4FA5-9AB8-CB5155D016C6}.Release|iPhoneSimulator.ActiveCfg = Release|Any CPU
		{1BD19AF2-CAE9-4FA5-9AB8-CB5155D016C6}.Release|iPhoneSimulator.Build.0 = Release|Any CPU
		{1BD19AF2-CAE9-4FA5-9AB8-CB5155D016C6}.Release|iPhoneSimulator.Deploy.0 = Release|Any CPU
		{6766B99C-6A04-459E-B118-D5366F3492D8}.Debug|Any CPU.ActiveCfg = Debug|Any CPU
		{6766B99C-6A04-459E-B118-D5366F3492D8}.Debug|Any CPU.Build.0 = Debug|Any CPU
		{6766B99C-6A04-459E-B118-D5366F3492D8}.Debug|Any CPU.Deploy.0 = Debug|Any CPU
		{6766B99C-6A04-459E-B118-D5366F3492D8}.Debug|iPhone.ActiveCfg = Debug|Any CPU
		{6766B99C-6A04-459E-B118-D5366F3492D8}.Debug|iPhone.Build.0 = Debug|Any CPU
		{6766B99C-6A04-459E-B118-D5366F3492D8}.Debug|iPhone.Deploy.0 = Debug|Any CPU
		{6766B99C-6A04-459E-B118-D5366F3492D8}.Debug|iPhoneSimulator.ActiveCfg = Debug|Any CPU
		{6766B99C-6A04-459E-B118-D5366F3492D8}.Debug|iPhoneSimulator.Build.0 = Debug|Any CPU
		{6766B99C-6A04-459E-B118-D5366F3492D8}.Debug|iPhoneSimulator.Deploy.0 = Debug|Any CPU
		{6766B99C-6A04-459E-B118-D5366F3492D8}.Release|Any CPU.ActiveCfg = Release|Any CPU
		{6766B99C-6A04-459E-B118-D5366F3492D8}.Release|Any CPU.Build.0 = Release|Any CPU
		{6766B99C-6A04-459E-B118-D5366F3492D8}.Release|Any CPU.Deploy.0 = Release|Any CPU
		{6766B99C-6A04-459E-B118-D5366F3492D8}.Release|iPhone.ActiveCfg = Release|Any CPU
		{6766B99C-6A04-459E-B118-D5366F3492D8}.Release|iPhone.Build.0 = Release|Any CPU
		{6766B99C-6A04-459E-B118-D5366F3492D8}.Release|iPhone.Deploy.0 = Release|Any CPU
		{6766B99C-6A04-459E-B118-D5366F3492D8}.Release|iPhoneSimulator.ActiveCfg = Release|Any CPU
		{6766B99C-6A04-459E-B118-D5366F3492D8}.Release|iPhoneSimulator.Build.0 = Release|Any CPU
		{6766B99C-6A04-459E-B118-D5366F3492D8}.Release|iPhoneSimulator.Deploy.0 = Release|Any CPU
		{587590D0-119F-44B1-9D5C-DF93E879D80D}.Debug|Any CPU.ActiveCfg = Debug|Any CPU
		{587590D0-119F-44B1-9D5C-DF93E879D80D}.Debug|Any CPU.Build.0 = Debug|Any CPU
		{587590D0-119F-44B1-9D5C-DF93E879D80D}.Debug|Any CPU.Deploy.0 = Debug|Any CPU
		{587590D0-119F-44B1-9D5C-DF93E879D80D}.Debug|iPhone.ActiveCfg = Debug|Any CPU
		{587590D0-119F-44B1-9D5C-DF93E879D80D}.Debug|iPhone.Build.0 = Debug|Any CPU
		{587590D0-119F-44B1-9D5C-DF93E879D80D}.Debug|iPhone.Deploy.0 = Debug|Any CPU
		{587590D0-119F-44B1-9D5C-DF93E879D80D}.Debug|iPhoneSimulator.ActiveCfg = Debug|Any CPU
		{587590D0-119F-44B1-9D5C-DF93E879D80D}.Debug|iPhoneSimulator.Build.0 = Debug|Any CPU
		{587590D0-119F-44B1-9D5C-DF93E879D80D}.Debug|iPhoneSimulator.Deploy.0 = Debug|Any CPU
		{587590D0-119F-44B1-9D5C-DF93E879D80D}.Release|Any CPU.ActiveCfg = Release|Any CPU
		{587590D0-119F-44B1-9D5C-DF93E879D80D}.Release|Any CPU.Build.0 = Release|Any CPU
		{587590D0-119F-44B1-9D5C-DF93E879D80D}.Release|Any CPU.Deploy.0 = Release|Any CPU
		{587590D0-119F-44B1-9D5C-DF93E879D80D}.Release|iPhone.ActiveCfg = Release|Any CPU
		{587590D0-119F-44B1-9D5C-DF93E879D80D}.Release|iPhone.Build.0 = Release|Any CPU
		{587590D0-119F-44B1-9D5C-DF93E879D80D}.Release|iPhone.Deploy.0 = Release|Any CPU
		{587590D0-119F-44B1-9D5C-DF93E879D80D}.Release|iPhoneSimulator.ActiveCfg = Release|Any CPU
		{587590D0-119F-44B1-9D5C-DF93E879D80D}.Release|iPhoneSimulator.Build.0 = Release|Any CPU
		{587590D0-119F-44B1-9D5C-DF93E879D80D}.Release|iPhoneSimulator.Deploy.0 = Release|Any CPU
	EndGlobalSection
	GlobalSection(SolutionProperties) = preSolution
		HideSolutionNode = FALSE
	EndGlobalSection
EndGlobal
